
Microsoft Visual Studio Solution File, Format Version 12.00
# Visual Studio Version 17
VisualStudioVersion = 17.9.34616.47
MinimumVisualStudioVersion = 10.0.40219.1
Project("{8BC9CEB8-8B4A-11D0-8D11-00A0C91BC942}") = "PertemuanKedua", "PertemuanKedua\PertemuanKedua.vcxproj", "{9FEB4CCC-22EC-452C-9420-20B0AAC98B10}"
EndProject
Project("{8BC9CEB8-8B4A-11D0-8D11-00A0C91BC942}") = "MenentukanKelulusan1", "MenentukanKelulusan1\MenentukanKelulusan1.vcxproj", "{6C5C2E85-69B5-4463-8293-9985295E199E}"
EndProject
Project("{8BC9CEB8-8B4A-11D0-8D11-00A0C91BC942}") = "PertemuanKedua2", "PertemuanKedua2\PertemuanKedua2.vcxproj", "{774FC8F5-AA9E-45ED-BC9B-83140E3DC507}"
EndProject
Global
	GlobalSection(SolutionConfigurationPlatforms) = preSolution
		Debug|x64 = Debug|x64
		Debug|x86 = Debug|x86
		Release|x64 = Release|x64
		Release|x86 = Release|x86
	EndGlobalSection
	GlobalSection(ProjectConfigurationPlatforms) = postSolution
		{9FEB4CCC-22EC-452C-9420-20B0AAC98B10}.Debug|x64.ActiveCfg = Debug|x64
		{9FEB4CCC-22EC-452C-9420-20B0AAC98B10}.Debug|x64.Build.0 = Debug|x64
		{9FEB4CCC-22EC-452C-9420-20B0AAC98B10}.Debug|x86.ActiveCfg = Debug|Win32
		{9FEB4CCC-22EC-452C-9420-20B0AAC98B10}.Debug|x86.Build.0 = Debug|Win32
		{9FEB4CCC-22EC-452C-9420-20B0AAC98B10}.Release|x64.ActiveCfg = Release|x64
		{9FEB4CCC-22EC-452C-9420-20B0AAC98B10}.Release|x64.Build.0 = Release|x64
		{9FEB4CCC-22EC-452C-9420-20B0AAC98B10}.Release|x86.ActiveCfg = Release|Win32
		{9FEB4CCC-22EC-452C-9420-20B0AAC98B10}.Release|x86.Build.0 = Release|Win32
		{6C5C2E85-69B5-4463-8293-9985295E199E}.Debug|x64.ActiveCfg = Debug|x64
		{6C5C2E85-69B5-4463-8293-9985295E199E}.Debug|x64.Build.0 = Debug|x64
		{6C5C2E85-69B5-4463-8293-9985295E199E}.Debug|x86.ActiveCfg = Debug|Win32
		{6C5C2E85-69B5-4463-8293-9985295E199E}.Debug|x86.Build.0 = Debug|Win32
		{6C5C2E85-69B5-4463-8293-9985295E199E}.Release|x64.ActiveCfg = Release|x64
		{6C5C2E85-69B5-4463-8293-9985295E199E}.Release|x64.Build.0 = Release|x64
		{6C5C2E85-69B5-4463-8293-9985295E199E}.Release|x86.ActiveCfg = Release|Win32
		{6C5C2E85-69B5-4463-8293-9985295E199E}.Release|x86.Build.0 = Release|Win32
		{774FC8F5-AA9E-45ED-BC9B-83140E3DC507}.Debug|x64.ActiveCfg = Debug|x64
		{774FC8F5-AA9E-45ED-BC9B-83140E3DC507}.Debug|x64.Build.0 = Debug|x64
		{774FC8F5-AA9E-45ED-BC9B-83140E3DC507}.Debug|x86.ActiveCfg = Debug|Win32
		{774FC8F5-AA9E-45ED-BC9B-83140E3DC507}.Debug|x86.Build.0 = Debug|Win32
		{774FC8F5-AA9E-45ED-BC9B-83140E3DC507}.Release|x64.ActiveCfg = Release|x64
		{774FC8F5-AA9E-45ED-BC9B-83140E3DC507}.Release|x64.Build.0 = Release|x64
		{774FC8F5-AA9E-45ED-BC9B-83140E3DC507}.Release|x86.ActiveCfg = Release|Win32
		{774FC8F5-AA9E-45ED-BC9B-83140E3DC507}.Release|x86.Build.0 = Release|Win32
	EndGlobalSection
	GlobalSection(SolutionProperties) = preSolution
		HideSolutionNode = FALSE
	EndGlobalSection
	GlobalSection(ExtensibilityGlobals) = postSolution
		SolutionGuid = {72E1F5AE-E2ED-469D-BC42-4686D7CF9C27}
	EndGlobalSection
EndGlobal
